<?xml version="1.0" encoding="utf-8"?>
<Project ToolsVersion="4.0" xmlns="http://schemas.microsoft.com/developer/msbuild/2003">
  <ItemGroup>
    <Filter Include="GameObjects">
      <UniqueIdentifier>{04429cad-5633-4ec6-a47d-fcbcf584f000}</UniqueIdentifier>
    </Filter>
    <Filter Include="Scenes">
      <UniqueIdentifier>{93b740cc-3541-47ec-8908-8dfe0a415dc8}</UniqueIdentifier>
    </Filter>
    <Filter Include="Scripts">
      <UniqueIdentifier>{b912c1b4-7902-42a9-a2d9-70e13753a5f7}</UniqueIdentifier>
    </Filter>
  </ItemGroup>
  <ItemGroup>
    <ClCompile Include="IJ_PlayerScript.cpp">
      <Filter>Scripts</Filter>
    </ClCompile>
    <ClCompile Include="IJ_PlayScene.cpp">
      <Filter>Scenes</Filter>
    </ClCompile>
  </ItemGroup>
  <ItemGroup>
    <ClInclude Include="IJ_PlayerScript.h">
      <Filter>Scripts</Filter>
    </ClInclude>
    <ClInclude Include="IJ_LoadScene.h" />
    <ClInclude Include="IJ_PlayScene.h">
      <Filter>Scenes</Filter>
    </ClInclude>
  </ItemGroup>
</Project>