<?xml version="1.0" encoding="utf-8"?>
<Project ToolsVersion="4.0" xmlns="http://schemas.microsoft.com/developer/msbuild/2003">
  <ItemGroup>
    <Filter Include="Engine">
      <UniqueIdentifier>{e525523b-10e9-4b6e-91e8-8b204bd4ea7a}</UniqueIdentifier>
    </Filter>
    <Filter Include="Engine\Graphics">
      <UniqueIdentifier>{7f908d08-5568-4469-9089-9a3b1c3e7edc}</UniqueIdentifier>
    </Filter>
    <Filter Include="Engine\Graphics\API">
      <UniqueIdentifier>{ae2ff547-8419-42a4-a8b6-65a14457daf5}</UniqueIdentifier>
    </Filter>
    <Filter Include="Engine\Common">
      <UniqueIdentifier>{728c6f06-b81b-4008-9ed8-a0d24156e5bb}</UniqueIdentifier>
    </Filter>
    <Filter Include="Engine\High Level Interface">
      <UniqueIdentifier>{3bd7c5c5-b5a5-4f70-b4d2-f17f9987744c}</UniqueIdentifier>
    </Filter>
    <Filter Include="Engine\Helpers">
      <UniqueIdentifier>{0a7518a1-8bcd-4bfc-86d2-92fdeb1f12d4}</UniqueIdentifier>
    </Filter>
    <Filter Include="Engine\Resource">
      <UniqueIdentifier>{0663115b-d1fa-446d-b5cb-65789961c594}</UniqueIdentifier>
    </Filter>
    <Filter Include="Engine\Resource\Manager">
      <UniqueIdentifier>{d5134c08-78ff-4e3c-80d3-7e0a24f863cb}</UniqueIdentifier>
    </Filter>
    <Filter Include="Engine\Resource\Mesh">
      <UniqueIdentifier>{10b40ee9-bd56-480f-a419-6d145064a906}</UniqueIdentifier>
    </Filter>
    <Filter Include="Engine\GameObject">
      <UniqueIdentifier>{7ef2b5cd-9115-42b1-904e-264d52ad9602}</UniqueIdentifier>
    </Filter>
    <Filter Include="Engine\Resource\Shader">
      <UniqueIdentifier>{30645f9c-f666-4e57-82cd-39c976e0ae42}</UniqueIdentifier>
    </Filter>
    <Filter Include="Engine\Helpers\Mathatics">
      <UniqueIdentifier>{3eef4519-e04a-460a-b469-1d7da671c06d}</UniqueIdentifier>
    </Filter>
    <Filter Include="Engine\Helpers\Input">
      <UniqueIdentifier>{16c19b99-2fd1-4873-a28b-f4969c4bd780}</UniqueIdentifier>
    </Filter>
    <Filter Include="Engine\Helpers\Time">
      <UniqueIdentifier>{86646d45-2eda-446c-9429-06ad84ce02ef}</UniqueIdentifier>
    </Filter>
    <Filter Include="Engine\Scene">
      <UniqueIdentifier>{ba76ffee-e304-4f1f-9d46-728c19abb049}</UniqueIdentifier>
    </Filter>
    <Filter Include="Engine\Component">
      <UniqueIdentifier>{853f1881-6b59-4cc5-b67c-6329e3cfe4e6}</UniqueIdentifier>
    </Filter>
  </ItemGroup>
  <ItemGroup>
    <ClCompile Include="$(MSBuildThisFileDirectory)IJ_Application.cpp">
      <Filter>Engine\High Level Interface</Filter>
    </ClCompile>
    <ClCompile Include="$(MSBuildThisFileDirectory)IJ_GraphicsDevice_DX11.cpp">
      <Filter>Engine\Graphics\API</Filter>
    </ClCompile>
    <ClCompile Include="$(MSBuildThisFileDirectory)IJ_Renderer.cpp">
      <Filter>Engine\Graphics</Filter>
    </ClCompile>
    <ClCompile Include="$(MSBuildThisFileDirectory)IJ_Mesh.cpp">
      <Filter>Engine\Resource\Mesh</Filter>
    </ClCompile>
    <ClCompile Include="$(MSBuildThisFileDirectory)IJ_Resource.cpp">
      <Filter>Engine\Resource</Filter>
    </ClCompile>
    <ClCompile Include="$(MSBuildThisFileDirectory)IJ_Entity.cpp">
      <Filter>Engine\GameObject</Filter>
    </ClCompile>
    <ClCompile Include="$(MSBuildThisFileDirectory)IJ_Shader.cpp">
      <Filter>Engine\Resource\Shader</Filter>
    </ClCompile>
    <ClCompile Include="$(MSBuildThisFileDirectory)IJ_ConstantBuffer.cpp">
      <Filter>Engine\Resource\Shader</Filter>
    </ClCompile>
    <ClCompile Include="$(MSBuildThisFileDirectory)IJ_ResourceManager.cpp">
      <Filter>Engine\Resource\Manager</Filter>
    </ClCompile>
    <ClCompile Include="$(MSBuildThisFileDirectory)IJ_Math.cpp">
      <Filter>Engine\Helpers\Mathatics</Filter>
    </ClCompile>
    <ClCompile Include="$(MSBuildThisFileDirectory)IJ_Input.cpp">
      <Filter>Engine\Helpers\Input</Filter>
    </ClCompile>
    <ClCompile Include="$(MSBuildThisFileDirectory)IJ_Time.cpp">
      <Filter>Engine\Helpers\Time</Filter>
    </ClCompile>
    <ClCompile Include="$(MSBuildThisFileDirectory)IJ_SceneManager.cpp">
      <Filter>Engine\Scene</Filter>
    </ClCompile>
    <ClCompile Include="$(MSBuildThisFileDirectory)IJ_Scene.cpp">
      <Filter>Engine\Scene</Filter>
    </ClCompile>
    <ClCompile Include="$(MSBuildThisFileDirectory)IJ_Layer.cpp">
      <Filter>Engine\Scene</Filter>
    </ClCompile>
    <ClCompile Include="$(MSBuildThisFileDirectory)IJ_GameObject.cpp">
      <Filter>Engine\GameObject</Filter>
    </ClCompile>
    <ClCompile Include="$(MSBuildThisFileDirectory)IJ_Component.cpp">
      <Filter>Engine\Component</Filter>
    </ClCompile>
    <ClCompile Include="$(MSBuildThisFileDirectory)IJ_Script.cpp">
      <Filter>Engine\Component</Filter>
    </ClCompile>
    <ClCompile Include="$(MSBuildThisFileDirectory)IJ_Transform.cpp">
      <Filter>Engine\Component</Filter>
    </ClCompile>
    <ClCompile Include="$(MSBuildThisFileDirectory)IJ_MeshRenderer.cpp">
      <Filter>Engine\Component</Filter>
    </ClCompile>
  </ItemGroup>
  <ItemGroup>
    <ClInclude Include="$(MSBuildThisFileDirectory)IJ_Application.h">
      <Filter>Engine\High Level Interface</Filter>
    </ClInclude>
    <ClInclude Include="$(MSBuildThisFileDirectory)IJ_GraphicsDevice_DX11.h">
      <Filter>Engine\Graphics\API</Filter>
    </ClInclude>
    <ClInclude Include="$(MSBuildThisFileDirectory)IJ_Graphics.h">
      <Filter>Engine\Graphics\API</Filter>
    </ClInclude>
    <ClInclude Include="$(MSBuildThisFileDirectory)CommonInclude.h">
      <Filter>Engine\Common</Filter>
    </ClInclude>
    <ClInclude Include="$(MSBuildThisFileDirectory)IJ_Renderer.h">
      <Filter>Engine\Graphics</Filter>
    </ClInclude>
    <ClInclude Include="$(MSBuildThisFileDirectory)IJ_Enums.h">
      <Filter>Engine\Common</Filter>
    </ClInclude>
    <ClInclude Include="$(MSBuildThisFileDirectory)IJ_Engine.h">
      <Filter>Engine\Common</Filter>
    </ClInclude>
    <ClInclude Include="$(MSBuildThisFileDirectory)IJ_Mesh.h">
      <Filter>Engine\Resource\Mesh</Filter>
    </ClInclude>
    <ClInclude Include="$(MSBuildThisFileDirectory)IJ_Resource.h">
      <Filter>Engine\Resource</Filter>
    </ClInclude>
    <ClInclude Include="$(MSBuildThisFileDirectory)IJ_Entity.h">
      <Filter>Engine\GameObject</Filter>
    </ClInclude>
    <ClInclude Include="$(MSBuildThisFileDirectory)IJ_Shader.h">
      <Filter>Engine\Resource\Shader</Filter>
    </ClInclude>
    <ClInclude Include="$(MSBuildThisFileDirectory)IJ_ConstantBuffer.h">
      <Filter>Engine\Resource\Shader</Filter>
    </ClInclude>
    <ClInclude Include="$(MSBuildThisFileDirectory)IJ_ResourceManager.h">
      <Filter>Engine\Resource\Manager</Filter>
    </ClInclude>
    <ClInclude Include="$(MSBuildThisFileDirectory)IJ_Math.h">
      <Filter>Engine\Helpers\Mathatics</Filter>
    </ClInclude>
    <ClInclude Include="$(MSBuildThisFileDirectory)IJ_Input.h">
      <Filter>Engine\Helpers\Input</Filter>
    </ClInclude>
    <ClInclude Include="$(MSBuildThisFileDirectory)IJ_Time.h">
      <Filter>Engine\Helpers\Time</Filter>
    </ClInclude>
    <ClInclude Include="$(MSBuildThisFileDirectory)IJ_SceneManager.h">
      <Filter>Engine\Scene</Filter>
    </ClInclude>
    <ClInclude Include="$(MSBuildThisFileDirectory)IJ_Scene.h">
      <Filter>Engine\Scene</Filter>
    </ClInclude>
    <ClInclude Include="$(MSBuildThisFileDirectory)IJ_Layer.h">
      <Filter>Engine\Scene</Filter>
    </ClInclude>
    <ClInclude Include="$(MSBuildThisFileDirectory)IJ_GameObject.h">
      <Filter>Engine\GameObject</Filter>
    </ClInclude>
    <ClInclude Include="$(MSBuildThisFileDirectory)IJ_Component.h">
      <Filter>Engine\Component</Filter>
    </ClInclude>
    <ClInclude Include="$(MSBuildThisFileDirectory)IJ_Script.h">
      <Filter>Engine\Component</Filter>
    </ClInclude>
    <ClInclude Include="$(MSBuildThisFileDirectory)IJ_Transform.h">
      <Filter>Engine\Component</Filter>
    </ClInclude>
    <ClInclude Include="$(MSBuildThisFileDirectory)IJ_MeshRenderer.h">
      <Filter>Engine\Component</Filter>
    </ClInclude>
  </ItemGroup>
</Project>