<?xml version="1.0" encoding="utf-8"?>
<Project ToolsVersion="4.0" xmlns="http://schemas.microsoft.com/developer/msbuild/2003">
  <ItemGroup>
    <Filter Include="CS">
      <UniqueIdentifier>{d166392f-2736-4acc-bd10-0d2398dfa250}</UniqueIdentifier>
    </Filter>
    <Filter Include="DS">
      <UniqueIdentifier>{d98ad89c-211a-4832-872c-aef97264905d}</UniqueIdentifier>
    </Filter>
    <Filter Include="GS">
      <UniqueIdentifier>{95aacdb3-ce87-4901-84b0-7ffe7a42e736}</UniqueIdentifier>
    </Filter>
    <Filter Include="HS">
      <UniqueIdentifier>{574657b1-2381-4479-a4ca-058a868019be}</UniqueIdentifier>
    </Filter>
    <Filter Include="PS">
      <UniqueIdentifier>{fbc92c89-9e76-4217-93d9-9622817ec348}</UniqueIdentifier>
    </Filter>
    <Filter Include="VS">
      <UniqueIdentifier>{6012d228-0d4b-40bf-9701-63abbbfcdd36}</UniqueIdentifier>
    </Filter>
  </ItemGroup>
  <ItemGroup>
    <FxCompile Include="$(MSBuildThisFileDirectory)TrianglePS.hlsl">
      <Filter>PS</Filter>
    </FxCompile>
    <FxCompile Include="$(MSBuildThisFileDirectory)TriangleVS.hlsl">
      <Filter>VS</Filter>
    </FxCompile>
  </ItemGroup>
</Project>